
Microsoft Visual Studio Solution File, Format Version 12.00
# Visual Studio Version 16
VisualStudioVersion = 16.0.30309.148
MinimumVisualStudioVersion = 10.0.40219.1
Project("{FAE04EC0-301F-11D3-BF4B-00C04F79EFBC}") = "Api", "Api\Api.csproj", "{273FD5F7-3257-4226-A2FC-E01405256532}"
EndProject
Project("{FAE04EC0-301F-11D3-BF4B-00C04F79EFBC}") = "Application", "Application\Application.csproj", "{1CAAC24F-681E-4718-9291-BA19B2355AD1}"
EndProject
Project("{FAE04EC0-301F-11D3-BF4B-00C04F79EFBC}") = "Domain", "Domain\Domain.csproj", "{D80A3D81-2F17-4D04-B646-28826A49C8A4}"
EndProject
Project("{FAE04EC0-301F-11D3-BF4B-00C04F79EFBC}") = "Infrastructure", "Infrastructure\Infrastructure.csproj", "{0249D999-6ED7-4E5B-B6E2-0536F7136963}"
EndProject
Project("{E53339B2-1760-4266-BCC7-CA923CBCF16C}") = "docker-compose", "docker-compose.dcproj", "{5F4F327A-B503-42F4-B6E0-605FBA53650C}"
EndProject
Global
	GlobalSection(SolutionConfigurationPlatforms) = preSolution
		Debug|Any CPU = Debug|Any CPU
		Release|Any CPU = Release|Any CPU
	EndGlobalSection
	GlobalSection(ProjectConfigurationPlatforms) = postSolution
		{273FD5F7-3257-4226-A2FC-E01405256532}.Debug|Any CPU.ActiveCfg = Debug|Any CPU
		{273FD5F7-3257-4226-A2FC-E01405256532}.Debug|Any CPU.Build.0 = Debug|Any CPU
		{273FD5F7-3257-4226-A2FC-E01405256532}.Release|Any CPU.ActiveCfg = Release|Any CPU
		{273FD5F7-3257-4226-A2FC-E01405256532}.Release|Any CPU.Build.0 = Release|Any CPU
		{1CAAC24F-681E-4718-9291-BA19B2355AD1}.Debug|Any CPU.ActiveCfg = Debug|Any CPU
		{1CAAC24F-681E-4718-9291-BA19B2355AD1}.Debug|Any CPU.Build.0 = Debug|Any CPU
		{1CAAC24F-681E-4718-9291-BA19B2355AD1}.Release|Any CPU.ActiveCfg = Release|Any CPU
		{1CAAC24F-681E-4718-9291-BA19B2355AD1}.Release|Any CPU.Build.0 = Release|Any CPU
		{D80A3D81-2F17-4D04-B646-28826A49C8A4}.Debug|Any CPU.ActiveCfg = Debug|Any CPU
		{D80A3D81-2F17-4D04-B646-28826A49C8A4}.Debug|Any CPU.Build.0 = Debug|Any CPU
		{D80A3D81-2F17-4D04-B646-28826A49C8A4}.Release|Any CPU.ActiveCfg = Release|Any CPU
		{D80A3D81-2F17-4D04-B646-28826A49C8A4}.Release|Any CPU.Build.0 = Release|Any CPU
		{0249D999-6ED7-4E5B-B6E2-0536F7136963}.Debug|Any CPU.ActiveCfg = Debug|Any CPU
		{0249D999-6ED7-4E5B-B6E2-0536F7136963}.Debug|Any CPU.Build.0 = Debug|Any CPU
		{0249D999-6ED7-4E5B-B6E2-0536F7136963}.Release|Any CPU.ActiveCfg = Release|Any CPU
		{0249D999-6ED7-4E5B-B6E2-0536F7136963}.Release|Any CPU.Build.0 = Release|Any CPU
		{5F4F327A-B503-42F4-B6E0-605FBA53650C}.Debug|Any CPU.ActiveCfg = Debug|Any CPU
		{5F4F327A-B503-42F4-B6E0-605FBA53650C}.Debug|Any CPU.Build.0 = Debug|Any CPU
		{5F4F327A-B503-42F4-B6E0-605FBA53650C}.Release|Any CPU.ActiveCfg = Release|Any CPU
		{5F4F327A-B503-42F4-B6E0-605FBA53650C}.Release|Any CPU.Build.0 = Release|Any CPU
	EndGlobalSection
	GlobalSection(SolutionProperties) = preSolution
		HideSolutionNode = FALSE
	EndGlobalSection
	GlobalSection(ExtensibilityGlobals) = postSolution
		SolutionGuid = {E2C20A79-69B8-4866-B96C-F9C1EB85F5AE}
	EndGlobalSection
EndGlobal
